{
  "name": "grpc-node",
  "version": "0.0.1",
  "lockfileVersion": 3,
  "requires": true,
  "packages": {
    "": {
      "name": "grpc-node",
      "version": "0.0.1",
      "license": "MIT",
      "workspaces": [
        "grpc-node-js"
      ]
    },
    "grpc-node-js": {
      "name": "grpc-node",
      "version": "1.0.0",
      "license": "MIT"
    },
    "node_modules/grpc-node": {
      "resolved": "grpc-node-js",
      "link": true
    }
  }
}
